
Microsoft Visual Studio Solution File, Format Version 12.00
# Visual Studio Version 17
VisualStudioVersion = 17.5.33414.496
MinimumVisualStudioVersion = 10.0.40219.1
Project("{FAE04EC0-301F-11D3-BF4B-00C04F79EFBC}") = "SoqiaGateApi", "SoqiaGateApi\SoqiaGateApi.csproj", "{72E6BBE1-0BF6-41ED-A882-CF6D4A2C4538}"
EndProject
Global
	GlobalSection(SolutionConfigurationPlatforms) = preSolution
		Debug|Any CPU = Debug|Any CPU
		Release|Any CPU = Release|Any CPU
	EndGlobalSection
	GlobalSection(ProjectConfigurationPlatforms) = postSolution
		{72E6BBE1-0BF6-41ED-A882-CF6D4A2C4538}.Debug|Any CPU.ActiveCfg = Debug|Any CPU
		{72E6BBE1-0BF6-41ED-A882-CF6D4A2C4538}.Debug|Any CPU.Build.0 = Debug|Any CPU
		{72E6BBE1-0BF6-41ED-A882-CF6D4A2C4538}.Release|Any CPU.ActiveCfg = Release|Any CPU
		{72E6BBE1-0BF6-41ED-A882-CF6D4A2C4538}.Release|Any CPU.Build.0 = Release|Any CPU
	EndGlobalSection
	GlobalSection(SolutionProperties) = preSolution
		HideSolutionNode = FALSE
	EndGlobalSection
	GlobalSection(ExtensibilityGlobals) = postSolution
		SolutionGuid = {13A26DD0-F61F-4EDA-A34B-43A8744268F1}
	EndGlobalSection
EndGlobal
